
Microsoft Visual Studio Solution File, Format Version 12.00
# Visual Studio Version 17
VisualStudioVersion = 17.9.34616.47
MinimumVisualStudioVersion = 10.0.40219.1
Project("{FAE04EC0-301F-11D3-BF4B-00C04F79EFBC}") = "SanskritNlpLib", "SanskritNlpLib\SanskritNlpLib.csproj", "{313C1A1A-4E04-4552-864A-63696089DA95}"
EndProject
Project("{FAE04EC0-301F-11D3-BF4B-00C04F79EFBC}") = "SanskritNlpApp", "SanskritNlpApp\SanskritNlpApp.csproj", "{83F6F174-B1A7-453E-9699-0F0F7540E935}"
EndProject
Project("{FAE04EC0-301F-11D3-BF4B-00C04F79EFBC}") = "SanskritNlpTests", "SanskritNlpTests\SanskritNlpTests.csproj", "{40474A9F-F091-457F-874E-148FA6D72A48}"
EndProject
Global
	GlobalSection(SolutionConfigurationPlatforms) = preSolution
		Debug|Any CPU = Debug|Any CPU
		Release|Any CPU = Release|Any CPU
	EndGlobalSection
	GlobalSection(ProjectConfigurationPlatforms) = postSolution
		{313C1A1A-4E04-4552-864A-63696089DA95}.Debug|Any CPU.ActiveCfg = Debug|Any CPU
		{313C1A1A-4E04-4552-864A-63696089DA95}.Debug|Any CPU.Build.0 = Debug|Any CPU
		{313C1A1A-4E04-4552-864A-63696089DA95}.Release|Any CPU.ActiveCfg = Release|Any CPU
		{313C1A1A-4E04-4552-864A-63696089DA95}.Release|Any CPU.Build.0 = Release|Any CPU
		{83F6F174-B1A7-453E-9699-0F0F7540E935}.Debug|Any CPU.ActiveCfg = Debug|Any CPU
		{83F6F174-B1A7-453E-9699-0F0F7540E935}.Debug|Any CPU.Build.0 = Debug|Any CPU
		{83F6F174-B1A7-453E-9699-0F0F7540E935}.Release|Any CPU.ActiveCfg = Release|Any CPU
		{83F6F174-B1A7-453E-9699-0F0F7540E935}.Release|Any CPU.Build.0 = Release|Any CPU
		{40474A9F-F091-457F-874E-148FA6D72A48}.Debug|Any CPU.ActiveCfg = Debug|Any CPU
		{40474A9F-F091-457F-874E-148FA6D72A48}.Debug|Any CPU.Build.0 = Debug|Any CPU
		{40474A9F-F091-457F-874E-148FA6D72A48}.Release|Any CPU.ActiveCfg = Release|Any CPU
		{40474A9F-F091-457F-874E-148FA6D72A48}.Release|Any CPU.Build.0 = Release|Any CPU
	EndGlobalSection
	GlobalSection(SolutionProperties) = preSolution
		HideSolutionNode = FALSE
	EndGlobalSection
	GlobalSection(ExtensibilityGlobals) = postSolution
		SolutionGuid = {3B0A3A8F-C56D-42E0-8B7B-17D9B54E2E47}
	EndGlobalSection
EndGlobal
